
Microsoft Visual Studio Solution File, Format Version 12.00
# Visual Studio Version 17
VisualStudioVersion = 17.14.36408.4 d17.14
MinimumVisualStudioVersion = 10.0.40219.1
Project("{FAE04EC0-301F-11D3-BF4B-00C04F79EFBC}") = "Api", "Api\Api.csproj", "{0771A417-9A3A-4BBF-BE94-C0AD373EADED}"
EndProject
Global
	GlobalSection(SolutionConfigurationPlatforms) = preSolution
		Debug|Any CPU = Debug|Any CPU
		Release|Any CPU = Release|Any CPU
	EndGlobalSection
	GlobalSection(ProjectConfigurationPlatforms) = postSolution
		{0771A417-9A3A-4BBF-BE94-C0AD373EADED}.Debug|Any CPU.ActiveCfg = Debug|Any CPU
		{0771A417-9A3A-4BBF-BE94-C0AD373EADED}.Debug|Any CPU.Build.0 = Debug|Any CPU
		{0771A417-9A3A-4BBF-BE94-C0AD373EADED}.Release|Any CPU.ActiveCfg = Release|Any CPU
		{0771A417-9A3A-4BBF-BE94-C0AD373EADED}.Release|Any CPU.Build.0 = Release|Any CPU
	EndGlobalSection
	GlobalSection(SolutionProperties) = preSolution
		HideSolutionNode = FALSE
	EndGlobalSection
	GlobalSection(ExtensibilityGlobals) = postSolution
		SolutionGuid = {BC9B8DF5-C638-4D3A-80EF-4893BE82B499}
	EndGlobalSection
EndGlobal
